{
  "name": "test",
  "version": "1.0.0",
  "lockfileVersion": 3,
  "requires": true,
  "packages": {
    "": {
      "name": "test",
      "version": "1.0.0",
      "license": "ISC",
      "dependencies": {
        "dns": "^0.2.2",
        "node-forge": "^1.3.1"
      }
    },
    "node_modules/accepts": {
      "version": "1.0.7",
      "resolved": "https://registry.npmjs.org/accepts/-/accepts-1.0.7.tgz",
      "integrity": "sha512-iq8ew2zitUlNcUca0wye3fYwQ6sSPItDo38oC0R+XA5KTzeXRN+GF7NjOXs3dVItj4J+gQVdpq4/qbnMb1hMHw==",
      "license": "MIT",
      "dependencies": {
        "mime-types": "~1.0.0",
        "negotiator": "0.4.7"
      },
      "engines": {
        "node": ">= 0.8.0"
      }
    },
    "node_modules/after": {
      "version": "0.8.1",
      "resolved": "https://registry.npmjs.org/after/-/after-0.8.1.tgz",
      "integrity": "sha512-SuI3vWhCFeSmkmmJ3efyuOkrhGyp/AuHthh3F5DinGYh2kR9t/0xUlm3/Vn2qMScfgg+cKho5fW7TUEYUhYeiA=="
    },
    "node_modules/arraybuffer.slice": {
      "version": "0.0.6",
      "resolved": "https://registry.npmjs.org/arraybuffer.slice/-/arraybuffer.slice-0.0.6.tgz",
      "integrity": "sha512-6ZjfQaBSy6CuIH0+B0NrxMfDE5VIOCP/5gOqSpEIsaAZx9/giszzrXg6PZ7G51U/n88UmlAgYLNQ9wAnII7PJA=="
    },
    "node_modules/assert-plus": {
      "version": "1.0.0",
      "resolved": "https://registry.npmjs.org/assert-plus/-/assert-plus-1.0.0.tgz",
      "integrity": "sha512-NfJ4UzBCcQGLDlQq7nHxH+tv3kyZ0hHQqF5BO6J7tNJeP5do1llPr8dZ8zHonfhAu0PHAdMkSo+8o0wxg9lZWw==",
      "license": "MIT",
      "engines": {
        "node": ">=0.8"
      }
    },
    "node_modules/async": {
      "version": "0.2.10",
      "resolved": "https://registry.npmjs.org/async/-/async-0.2.10.tgz",
      "integrity": "sha512-eAkdoKxU6/LkKDBzLpT+t6Ff5EtfSF4wx1WfJiPEEV7WNLnDaRXk0oVysiEPm262roaachGexwUv94WhSgN5TQ=="
    },
    "node_modules/aws-sign": {
      "version": "0.2.0",
      "resolved": "https://registry.npmjs.org/aws-sign/-/aws-sign-0.2.0.tgz",
      "integrity": "sha512-6P7/Ls5F6++DsKu7iacris7qq/AZSWaX+gT4dtSyUxM82ePxWxaP7Slo82ZO3ZTx6GSKxQHAQlmFvM8e+Dd8ZA==",
      "engines": {
        "node": "*"
      }
    },
    "node_modules/base64-arraybuffer": {
      "version": "0.1.2",
      "resolved": "https://registry.npmjs.org/base64-arraybuffer/-/base64-arraybuffer-0.1.2.tgz",
      "integrity": "sha512-ewBKKVVPIl78B26mYQHYlaxR7NydMiD/GxwLNIwTAfLIE4xhN2Gxcy30//azq5UrejXjzGpWjcBu3NUJxzMMzg==",
      "engines": {
        "node": ">= 0.6.0"
      }
    },
    "node_modules/base64id": {
      "version": "0.1.0",
      "resolved": "https://registry.npmjs.org/base64id/-/base64id-0.1.0.tgz",
      "integrity": "sha512-DSjtfjhAsHl9J4OJj7e4+toV2zqxJrGwVd3CLlsCp8QmicvOn7irG0Mb8brOc/nur3SdO8lIbNlY1s1ZDJdUKQ==",
      "engines": {
        "node": ">= 0.4.0"
      }
    },
    "node_modules/basic-auth": {
      "version": "1.0.0",
      "resolved": "https://registry.npmjs.org/basic-auth/-/basic-auth-1.0.0.tgz",
      "integrity": "sha512-qzxS7/bW/LSiKZzdZw3isPjiVmzXbJLM3ImZZ62WMR3oJQAyqy094Nnb0TA2ZZm65xB7nu0acfTQ99z7wwCDCw==",
      "license": "MIT"
    },
    "node_modules/better-assert": {
      "version": "1.0.2",
      "resolved": "https://registry.npmjs.org/better-assert/-/better-assert-1.0.2.tgz",
      "integrity": "sha512-bYeph2DFlpK1XmGs6fvlLRUN29QISM3GBuUwSFsMY2XRx4AvC0WNCS57j4c/xGrK2RS24C1w3YoBOsw9fT46tQ==",
      "dependencies": {
        "callsite": "1.0.0"
      },
      "engines": {
        "node": "*"
      }
    },
    "node_modules/binaryheap": {
      "version": "0.0.3",
      "resolved": "https://registry.npmjs.org/binaryheap/-/binaryheap-0.0.3.tgz",
      "integrity": "sha512-9JFb4Yt5R9FZwbJaxOayF+T5sxn5eiU2NA9/LOeI1g2FUFRTdxpdmWppikO4O5AbNze8s0sL6ZuFxB1y4Ay8GA==",
      "engines": {
        "node": ">= 0.6.0"
      }
    },
    "node_modules/blob": {
      "version": "0.0.2",
      "resolved": "https://registry.npmjs.org/blob/-/blob-0.0.2.tgz",
      "integrity": "sha512-BoCcDt8zBGShn6DawAGQw37s9SSs+fEjiZWDzyB+841PbOogcR2X7LGlM4sR3Zsiq/zoyl8MFWDfN6oDSlveBQ=="
    },
    "node_modules/body-parser": {
      "version": "1.5.0",
      "resolved": "https://registry.npmjs.org/body-parser/-/body-parser-1.5.0.tgz",
      "integrity": "sha512-UJfZike68QN1mdo0mA+Z0y+0qi10oxOrCPw2CZpP73O/LIfEWHDy9SHhwsME1mdk1WmnltBLddUkfBpuKPH4Ng==",
      "license": "MIT",
      "dependencies": {
        "bytes": "1.0.0",
        "depd": "0.4.2",
        "iconv-lite": "0.4.4",
        "media-typer": "0.2.0",
        "qs": "0.6.6",
        "raw-body": "1.3.0",
        "type-is": "~1.3.2"
      },
      "engines": {
        "node": ">= 0.8"
      }
    },
    "node_modules/boom": {
      "version": "0.3.1",
      "resolved": "https://registry.npmjs.org/boom/-/boom-0.3.1.tgz",
      "integrity": "sha512-xWrlXnkK46TjEW7HU5G39AXWuG5aiHz3++zk3bBzF4mfnVCkpcYbwsnLUqMmfZNgPEYS/AI8MH+vmJxH5Kz0PA==",
      "deprecated": "This version has been deprecated in accordance with the hapi support policy (hapi.im/support). Please upgrade to the latest version to get the best features, bug fixes, and security patches. If you are unable to upgrade at this time, paid support is available for older versions (hapi.im/commercial).",
      "dependencies": {
        "hoek": "0.4.x"
      },
      "engines": {
        "node": ">=0.8.0"
      }
    },
    "node_modules/boom/node_modules/hoek": {
      "version": "0.4.2",
      "resolved": "https://registry.npmjs.org/hoek/-/hoek-0.4.2.tgz",
      "integrity": "sha512-Yj/N2TCrS0d8jvZgUpq9sDNt8/ABwTxPJW4+8QT0KXCMxOtRfUCUTEZEYyvMSgfDT3MGvwgO+NHfWPobagAIug==",
      "deprecated": "This version has been deprecated in accordance with the hapi support policy (hapi.im/support). Please upgrade to the latest version to get the best features, bug fixes, and security patches. If you are unable to upgrade at this time, paid support is available for older versions (hapi.im/commercial).",
      "engines": {
        "node": ">=0.8.0"
      }
    },
    "node_modules/buffer-crc32": {
      "version": "0.2.3",
      "resolved": "https://registry.npmjs.org/buffer-crc32/-/buffer-crc32-0.2.3.tgz",
      "integrity": "sha512-HLvoSqq1z8fJEcT1lUlJZ4OJaXJZ1wsWm0+fBxkz9Bdf/WphA4Da7FtGUguNNyEXL4WB0hNMTaWmdFRFPy8YOQ==",
      "engines": {
        "node": "*"
      }
    },
    "node_modules/buffercursor": {
      "version": "0.0.12",
      "resolved": "https://registry.npmjs.org/buffercursor/-/buffercursor-0.0.12.tgz",
      "integrity": "sha512-Z+6Jm/eW6ITeqcFQKVXX7LYIGk7rENqCKHJ4CbWfJMeLpQZJj1v70WehkLmp+1kFN/QyCgpQ3Z0dKUHAwSbf9w==",
      "dependencies": {
        "verror": "^1.4.0"
      },
      "engines": {
        "node": ">= 0.5.0"
      }
    },
    "node_modules/bytes": {
      "version": "1.0.0",
      "resolved": "https://registry.npmjs.org/bytes/-/bytes-1.0.0.tgz",
      "integrity": "sha512-/x68VkHLeTl3/Ll8IvxdwzhrT+IyKc52e/oyHhA2RwqPqswSnjVbSddfPRwAsJtbilMAPSRWwAlpxdYsSWOTKQ=="
    },
    "node_modules/callsite": {
      "version": "1.0.0",
      "resolved": "https://registry.npmjs.org/callsite/-/callsite-1.0.0.tgz",
      "integrity": "sha512-0vdNRFXn5q+dtOqjfFtmtlI9N2eVZ7LMyEV2iKC5mEEFvSg/69Ml6b/WU2qF8W1nLRa0wiSrDT3Y5jOHZCwKPQ==",
      "engines": {
        "node": "*"
      }
    },
    "node_modules/colors": {
      "version": "0.6.2",
      "resolved": "https://registry.npmjs.org/colors/-/colors-0.6.2.tgz",
      "integrity": "sha512-OsSVtHK8Ir8r3+Fxw/b4jS1ZLPXkV6ZxDRJQzeD7qo0SqMXWrHDM71DgYzPMHY8SFJ0Ao+nNU2p1MmwdzKqPrw==",
      "engines": {
        "node": ">=0.1.90"
      }
    },
    "node_modules/combined-stream": {
      "version": "0.0.7",
      "resolved": "https://registry.npmjs.org/combined-stream/-/combined-stream-0.0.7.tgz",
      "integrity": "sha512-qfexlmLp9MyrkajQVyjEDb0Vj+KhRgR/rxLiVhaihlT+ZkX0lReqtH6Ack40CvMDERR4b5eFp3CreskpBs1Pig==",
      "dependencies": {
        "delayed-stream": "0.0.5"
      },
      "engines": {
        "node": ">= 0.8"
      }
    },
    "node_modules/commander": {
      "version": "0.6.1",
      "resolved": "https://registry.npmjs.org/commander/-/commander-0.6.1.tgz",
      "integrity": "sha512-0fLycpl1UMTGX257hRsu/arL/cUbcvQM4zMKwvLvzXtfdezIV4yotPS2dYtknF+NmEfWSoCEF6+hj9XLm/6hEw==",
      "engines": {
        "node": ">= 0.4.x"
      }
    },
    "node_modules/component-bind": {
      "version": "1.0.0",
      "resolved": "https://registry.npmjs.org/component-bind/-/component-bind-1.0.0.tgz",
      "integrity": "sha512-WZveuKPeKAG9qY+FkYDeADzdHyTYdIboXS59ixDeRJL5ZhxpqUnxSOwop4FQjMsiYm3/Or8cegVbpAHNA7pHxw=="
    },
    "node_modules/component-emitter": {
      "version": "1.1.2",
      "resolved": "https://registry.npmjs.org/component-emitter/-/component-emitter-1.1.2.tgz",
      "integrity": "sha512-YhIbp3PJiznERfjlIkK0ue4obZxt2S60+0W8z24ZymOHT8sHloOqWOqZRU2eN5OlY8U08VFsP02letcu26FilA=="
    },
    "node_modules/component-inherit": {
      "version": "0.0.3",
      "resolved": "https://registry.npmjs.org/component-inherit/-/component-inherit-0.0.3.tgz",
      "integrity": "sha512-w+LhYREhatpVqTESyGFg3NlP6Iu0kEKUHETY9GoZP/pQyW4mHFZuFWRUCIqVPZ36ueVLtoOEZaAqbCF2RDndaA=="
    },
    "node_modules/connect": {
      "version": "3.0.2",
      "resolved": "https://registry.npmjs.org/connect/-/connect-3.0.2.tgz",
      "integrity": "sha512-k3kqw6T2Fc5ihvh5VVjwuJHA++qvh0/rPfe2GkJ5QNSQ9tRigQXMjtX2CYf73KZFe4+IV3HfQ3VR3W+nkt0eWQ==",
      "license": "MIT",
      "dependencies": {
        "debug": "1.0.3",
        "finalhandler": "0.0.2",
        "parseurl": "~1.1.3",
        "utils-merge": "1.0.0"
      },
      "engines": {
        "node": ">= 0.10.0"
      }
    },
    "node_modules/cookie": {
      "version": "0.1.2",
      "resolved": "https://registry.npmjs.org/cookie/-/cookie-0.1.2.tgz",
      "integrity": "sha512-+mHmWbhevLwkiBf7QcbZXHr0v4ZQQ/OgHk3fsQHrsMMiGzuvAmU/YMUR+ZfrO/BLAGIWFfx2Z7Oyso0tZR/wiA==",
      "engines": {
        "node": "*"
      }
    },
    "node_modules/cookie-jar": {
      "version": "0.2.0",
      "resolved": "https://registry.npmjs.org/cookie-jar/-/cookie-jar-0.2.0.tgz",
      "integrity": "sha512-yImk9AY90xjoUsN2fWHoIhVgveXqiZv7LDqUTZEzVBHyzfay8AjcJITUZpz2fTYLh6rnP+7GogiuRCo/5j2epg==",
      "engines": {
        "node": "*"
      }
    },
    "node_modules/cookie-signature": {
      "version": "1.0.4",
      "resolved": "https://registry.npmjs.org/cookie-signature/-/cookie-signature-1.0.4.tgz",
      "integrity": "sha512-k+lrG38ZC/S7zN6l1/HcF6xF4jMwkIUjnr5afDU7tzFxIfDmKzdqJdXo8HNYaXOuBJ3tPKxSiwCOTA0b3qQfaA=="
    },
    "node_modules/core-util-is": {
      "version": "1.0.2",
      "resolved": "https://registry.npmjs.org/core-util-is/-/core-util-is-1.0.2.tgz",
      "integrity": "sha512-3lqz5YjWTYnW6dlDa5TLaTCcShfar1e40rmcJVwCBJC6mWlFuj0eCHIElmG1g5kyuJ/GD+8Wn4FFCcz4gJPfaQ==",
      "license": "MIT"
    },
    "node_modules/cryptiles": {
      "version": "0.1.0",
      "resolved": "https://registry.npmjs.org/cryptiles/-/cryptiles-0.1.0.tgz",
      "integrity": "sha512-WiOGszxSaVHd8T4hlu5Xcqs2uUYxbvotBP171ag2pLPKSwSKeTJYnzd98/YWV3jQYk/rpMHa3r01cQfN8SZrHQ==",
      "deprecated": "This version has been deprecated in accordance with the hapi support policy (hapi.im/support). Please upgrade to the latest version to get the best features, bug fixes, and security patches. If you are unable to upgrade at this time, paid support is available for older versions (hapi.im/commercial).",
      "dependencies": {
        "boom": "0.3.x"
      },
      "engines": {
        "node": ">=0.8.0"
      }
    },
    "node_modules/cycle": {
      "version": "1.0.3",
      "resolved": "https://registry.npmjs.org/cycle/-/cycle-1.0.3.tgz",
      "integrity": "sha512-TVF6svNzeQCOpjCqsy0/CSy8VgObG3wXusJ73xW2GbG5rGx7lC8zxDSURicsXI2UsGdi2L0QNRCi745/wUDvsA==",
      "engines": {
        "node": ">=0.4.0"
      }
    },
    "node_modules/debug": {
      "version": "1.0.3",
      "resolved": "https://registry.npmjs.org/debug/-/debug-1.0.3.tgz",
      "integrity": "sha512-MltK7Ykj/udtD728gD/RrONStwVnDpBNIP1h+CBcnwnJdHqHxfWHI1E8XLootUl7NOPAYTCCXlb8/Qmy7WyB1w==",
      "dependencies": {
        "ms": "0.6.2"
      }
    },
    "node_modules/defaultable": {
      "version": "0.7.2",
      "resolved": "https://registry.npmjs.org/defaultable/-/defaultable-0.7.2.tgz",
      "integrity": "sha512-UEaHGfefWfbnANtSlCtuAelo7HZhCbdLAQAttRDVJpQplbA1G21t/J70VGznRA4z9py2k70tTW+3ogGs5VgrcQ==",
      "engines": [
        "node"
      ]
    },
    "node_modules/delayed-stream": {
      "version": "0.0.5",
      "resolved": "https://registry.npmjs.org/delayed-stream/-/delayed-stream-0.0.5.tgz",
      "integrity": "sha512-v+7uBd1pqe5YtgPacIIbZ8HuHeLFVNe4mUEyFDXL6KiqzEykjbw+5mXZXpGFgNVasdL4jWKgaKIXrEHiynN1LA==",
      "engines": {
        "node": ">=0.4.0"
      }
    },
    "node_modules/depd": {
      "version": "0.4.2",
      "resolved": "https://registry.npmjs.org/depd/-/depd-0.4.2.tgz",
      "integrity": "sha512-tG4S/hTtpA6stvb9Li65vWHrCblQ/oSN/UI90RKIA3wMk3N9lR1k/dCs8NKKNAy7UXD0+1/dUqhiaBuMatVNAQ==",
      "license": "MIT",
      "engines": {
        "node": ">= 0.8.0"
      }
    },
    "node_modules/dns": {
      "version": "0.2.2",
      "resolved": "https://registry.npmjs.org/dns/-/dns-0.2.2.tgz",
      "integrity": "sha512-dhCgBk0QglzySl2BVlIkRuk7aTqxlCe+5KhHEX5ULuco7RcB6d1zDnP5iGSs2rLdJaTc+82MxegtJtjFuueWiQ==",
      "dependencies": {
        "hbo-dnsd": "0.9.8",
        "native-dns": "0.6.1",
        "node-options": "0.0.6",
        "tomahawk": "0.1.6",
        "tomahawk-plugin-kv-memory-store": "0.0.3",
        "winston": "0.7.3"
      },
      "bin": {
        "dns": "bin/dns"
      },
      "engines": {
        "node": ">= 0.10.0 < 0.11.0"
      }
    },
    "node_modules/ee-first": {
      "version": "1.0.3",
      "resolved": "https://registry.npmjs.org/ee-first/-/ee-first-1.0.3.tgz",
      "integrity": "sha512-1q/3kz+ZwmrrWpJcCCrBZ3JnBzB1BMA5EVW9nxnIP1LxDZ16Cqs9VdolqLWlExet1vU+bar3WSkAa4/YrA9bIw==",
      "license": "MIT"
    },
    "node_modules/emitter": {
      "version": "1.0.1",
      "resolved": "http://github.com/component/emitter/archive/1.0.1.tar.gz",
      "integrity": "sha512-r/UcFj7JS3lRjv9cgYjgpDNbAsGUdqU64n6ZUOgSF7s1UFBbGu7pUDwKEjHu9NBCy6j2AmmjNW4rijR4De65eA==",
      "dependencies": {
        "indexof": "0.0.1"
      }
    },
    "node_modules/engine.io": {
      "version": "1.3.1",
      "resolved": "https://registry.npmjs.org/engine.io/-/engine.io-1.3.1.tgz",
      "integrity": "sha512-fjnHWC9SLPoygMp6pqwoxmNkDDdYme4eCRTBTZLmEtGZETCpUEgSwoQjSgyj7IyIjqninKRF+2VeEV2kOniUFQ==",
      "dependencies": {
        "base64id": "0.1.0",
        "debug": "0.6.0",
        "engine.io-parser": "1.0.6",
        "ws": "0.4.31"
      }
    },
    "node_modules/engine.io-client": {
      "version": "1.3.1",
      "resolved": "https://registry.npmjs.org/engine.io-client/-/engine.io-client-1.3.1.tgz",
      "integrity": "sha512-bTOZMqAe7HXhyA/2T7Fve04b/ZZruTHSOqa+yn8U4RFSyRAVPePjopOgJOUNciEfuXo1gx850P5LzaQU28/p3w==",
      "dependencies": {
        "component-emitter": "1.1.2",
        "component-inherit": "0.0.3",
        "debug": "0.7.4",
        "engine.io-parser": "1.0.6",
        "has-cors": "1.0.3",
        "indexof": "0.0.1",
        "parsejson": "0.0.1",
        "parseqs": "0.0.2",
        "parseuri": "0.0.2",
        "ws": "0.4.31",
        "xmlhttprequest": "https://github.com/LearnBoost/node-XMLHttpRequest/archive/0f36d0b5ebc03d85f860d42a64ae9791e1daa433.tar.gz"
      }
    },
    "node_modules/engine.io-client/node_modules/debug": {
      "version": "0.7.4",
      "resolved": "https://registry.npmjs.org/debug/-/debug-0.7.4.tgz",
      "integrity": "sha512-EohAb3+DSHSGx8carOSKJe8G0ayV5/i609OD0J2orCkuyae7SyZSz2aoLmQF2s0Pj5gITDebwPH7GFBlqOUQ1Q==",
      "engines": {
        "node": "*"
      }
    },
    "node_modules/engine.io-parser": {
      "version": "1.0.6",
      "resolved": "https://registry.npmjs.org/engine.io-parser/-/engine.io-parser-1.0.6.tgz",
      "integrity": "sha512-ipbmiNj4OfAL9csof0FlI9L2jkU/lgcUphHjnTDo1KABsA21WtsVy/1OjhCj8xxhNIHtxEZ3/t7uB45gEMhD4g==",
      "dependencies": {
        "after": "0.8.1",
        "arraybuffer.slice": "0.0.6",
        "base64-arraybuffer": "0.1.2",
        "blob": "0.0.2",
        "utf8": "2.0.0"
      }
    },
    "node_modules/engine.io/node_modules/debug": {
      "version": "0.6.0",
      "resolved": "https://registry.npmjs.org/debug/-/debug-0.6.0.tgz",
      "integrity": "sha512-2vIZf67+gMicLu8McscD1NNhMWbiTSJkhlByoTA1Gw54zOb/9IlxylYG+Kr9z1X2wZTHh1AMSp+YiMjYtLkVUA==",
      "engines": {
        "node": "*"
      }
    },
    "node_modules/errorhandler": {
      "version": "1.1.1",
      "resolved": "https://registry.npmjs.org/errorhandler/-/errorhandler-1.1.1.tgz",
      "integrity": "sha512-nqVAii3wDkiowAVKDmcuwKOQ/5vsg9GfCcJxSMHgy8yiZUA3mMDpBcHnCVolDYgQ7wsC2yZQVOavR5fGHhFMkg==",
      "license": "MIT",
      "dependencies": {
        "accepts": "~1.0.4",
        "escape-html": "1.0.1"
      },
      "engines": {
        "node": ">= 0.8"
      }
    },
    "node_modules/escape-html": {
      "version": "1.0.1",
      "resolved": "https://registry.npmjs.org/escape-html/-/escape-html-1.0.1.tgz",
      "integrity": "sha512-z6kAnok8fqVTra7Yu77dZF2Y6ETJlxH58wN38wNyuNQLm8xXdKnfNrlSmfXsTePWP03rRVUKHubtUwanwUi7+g=="
    },
    "node_modules/express": {
      "version": "4.6.1",
      "resolved": "https://registry.npmjs.org/express/-/express-4.6.1.tgz",
      "integrity": "sha512-nG9Y8xfzgrW/9XCr5sv+KDbtY8mZPN9HO3GziltaubpvleI+1RyHxAKvYjmFih3HkQIaPXW9ozxMHBDNf3UXng==",
      "license": "MIT",
      "dependencies": {
        "accepts": "~1.0.7",
        "buffer-crc32": "0.2.3",
        "cookie": "0.1.2",
        "cookie-signature": "1.0.4",
        "debug": "1.0.3",
        "depd": "0.3.0",
        "escape-html": "1.0.1",
        "finalhandler": "0.0.3",
        "fresh": "0.2.2",
        "media-typer": "0.2.0",
        "merge-descriptors": "0.0.2",
        "methods": "1.1.0",
        "parseurl": "~1.1.3",
        "path-to-regexp": "0.1.3",
        "proxy-addr": "1.0.1",
        "qs": "0.6.6",
        "range-parser": "1.0.0",
        "send": "0.6.0",
        "serve-static": "~1.3.2",
        "type-is": "~1.3.2",
        "utils-merge": "1.0.0",
        "vary": "0.1.0"
      },
      "engines": {
        "node": ">= 0.10.0"
      }
    },
    "node_modules/express/node_modules/depd": {
      "version": "0.3.0",
      "resolved": "https://registry.npmjs.org/depd/-/depd-0.3.0.tgz",
      "integrity": "sha512-Uyx3FgdvEYlpA3W4lf37Ide++2qOsjLlJ7dap0tbM63j/BxTCcxmyIOO6PXbKbOuNSko+fsDHzzx1DUeo1+3fA==",
      "license": "MIT",
      "engines": {
        "node": ">= 0.8.0"
      }
    },
    "node_modules/express/node_modules/finalhandler": {
      "version": "0.0.3",
      "resolved": "https://registry.npmjs.org/finalhandler/-/finalhandler-0.0.3.tgz",
      "integrity": "sha512-/fqgssseNfnD8Y77HWyJKQ+1xbKu7bZl2LXfhFjkgeGg91WRMMO9GN1KKL53NnIG9g1H2Xq3iKrZkuIcAmjd0A==",
      "license": "MIT",
      "dependencies": {
        "debug": "1.0.3",
        "escape-html": "1.0.1"
      },
      "engines": {
        "node": ">= 0.8.0"
      }
    },
    "node_modules/extsprintf": {
      "version": "1.4.1",
      "resolved": "https://registry.npmjs.org/extsprintf/-/extsprintf-1.4.1.tgz",
      "integrity": "sha512-Wrk35e8ydCKDj/ArClo1VrPVmN8zph5V4AtHwIuHhvMXsKf73UT3BOD+azBIW+3wOJ4FhEH7zyaJCFvChjYvMA==",
      "engines": [
        "node >=0.6.0"
      ],
      "license": "MIT"
    },
    "node_modules/eyes": {
      "version": "0.1.8",
      "resolved": "https://registry.npmjs.org/eyes/-/eyes-0.1.8.tgz",
      "integrity": "sha512-GipyPsXO1anza0AOZdy69Im7hGFCNB7Y/NGjDlZGJ3GJJLtwNSb2vrzYrTYJRrRloVx7pl+bhUaTB8yiccPvFQ==",
      "engines": {
        "node": "> 0.1.90"
      }
    },
    "node_modules/finalhandler": {
      "version": "0.0.2",
      "resolved": "https://registry.npmjs.org/finalhandler/-/finalhandler-0.0.2.tgz",
      "integrity": "sha512-SbpQfvWVwWEBlPTQyaM9gs0D5404ENTC0x2jzbb7t+P+EOD/cBlWjAAvfozIQYtOepUuNkxoLNLCK9/kS29f4w==",
      "license": "MIT",
      "dependencies": {
        "debug": "1.0.2",
        "escape-html": "1.0.1"
      },
      "engines": {
        "node": ">= 0.8.0"
      }
    },
    "node_modules/finalhandler/node_modules/debug": {
      "version": "1.0.2",
      "resolved": "https://registry.npmjs.org/debug/-/debug-1.0.2.tgz",
      "integrity": "sha512-T9bufXIzQvCa4VrTIpLvvwdLhH+wuBtvIJJA3xgzVcaVETGmTIWMfEXQEd1K4p8BaRmQJPn6MPut38H7YQ+iIA==",
      "dependencies": {
        "ms": "0.6.2"
      }
    },
    "node_modules/finished": {
      "version": "1.2.2",
      "resolved": "https://registry.npmjs.org/finished/-/finished-1.2.2.tgz",
      "integrity": "sha512-HPJ8x7Gn1pmTS1zWyMoXmQ1yxHkYHRoFsBI66ONq4PS9iWBJy1iHYXOSqMWNp3ksMXfrBpenkSwBhl9WG4zr4Q==",
      "license": "MIT",
      "dependencies": {
        "ee-first": "1.0.3"
      }
    },
    "node_modules/forever-agent": {
      "version": "0.2.0",
      "resolved": "https://registry.npmjs.org/forever-agent/-/forever-agent-0.2.0.tgz",
      "integrity": "sha512-IasWSRIlfPnBZY1K9jEUK3PwsScR4mrcK+aNBJzGoPnW+S9b6f8I8ScyH4cehEOFNqnjGpP2gCaA22gqSV1xQA==",
      "engines": {
        "node": "*"
      }
    },
    "node_modules/form-data": {
      "version": "0.0.10",
      "resolved": "https://registry.npmjs.org/form-data/-/form-data-0.0.10.tgz",
      "integrity": "sha512-Z9/PpT/agxXi80nMpOH6GFD7XOr6mwk5aWMxDt/KMY+Nm7e4FnRMjddM4/mLPJhpmp6alY1F/1JQpRE6z07xng==",
      "dependencies": {
        "async": "~0.2.7",
        "combined-stream": "~0.0.4",
        "mime": "~1.2.2"
      },
      "engines": {
        "node": ">= 0.6"
      }
    },
    "node_modules/fresh": {
      "version": "0.2.2",
      "resolved": "https://registry.npmjs.org/fresh/-/fresh-0.2.2.tgz",
      "integrity": "sha512-ZGGi8GROK//ijm2gB33sUuN9TjN1tC/dvG4Bt4j6IWrVGpMmudUBCxx+Ir7qePsdREfkpQC4FL8W0jeSOsgv1w=="
    },
    "node_modules/global": {
      "version": "2.0.1",
      "resolved": "https://github.com/component/global/archive/v2.0.1.tar.gz",
      "integrity": "sha512-O91OcV/NbdmQJPHaRu2ekSP7bqFRLWgqSwaJvqHPZHUwmHBagQYTOra29+LnzzG3lZkXH1ANzHzfCxtAPM9HMA==",
      "license": "MIT"
    },
    "node_modules/has-binary-data": {
      "version": "0.1.1",
      "resolved": "https://registry.npmjs.org/has-binary-data/-/has-binary-data-0.1.1.tgz",
      "integrity": "sha512-XqIrqIgPlA2gxvHKudDsLJt8Xu8B4DvkHyUWGmLWYOAO0rFOL94Ds4NSveSZ1fCjWX22tQgIiRpDKAETex8GCQ==",
      "license": "ISC",
      "dependencies": {
        "isarray": "0.0.1"
      }
    },
    "node_modules/has-cors": {
      "version": "1.0.3",
      "resolved": "https://registry.npmjs.org/has-cors/-/has-cors-1.0.3.tgz",
      "integrity": "sha512-Mxk1ba23PNtB3zPigreijApS3uuH9bhgZkqQtLQj7ydWHsGeb9uOtk4gsK6mZj4rYG6VNS/CT9G1XkYfgItpKg==",
      "license": "MIT",
      "dependencies": {
        "global": "https://github.com/component/global/archive/v2.0.1.tar.gz"
      }
    },
    "node_modules/hawk": {
      "version": "0.10.2",
      "resolved": "https://registry.npmjs.org/hawk/-/hawk-0.10.2.tgz",
      "integrity": "sha512-BjpmnZ95odv7KOIsydfNTAxfGOGaVc6xbYL4fozWl45PWjDqskix0LHAekmGkpnrCAI6+AZRvJIXNTAllj+e6w==",
      "deprecated": "This module moved to @hapi/hawk. Please make sure to switch over as this distribution is no longer supported and may contain bugs and critical security issues.",
      "dependencies": {
        "boom": "0.3.x",
        "cryptiles": "0.1.x",
        "hoek": "0.7.x",
        "sntp": "0.1.x"
      },
      "engines": {
        "node": "0.8.x"
      }
    },
    "node_modules/hbo-dnsd": {
      "version": "0.9.8",
      "resolved": "https://registry.npmjs.org/hbo-dnsd/-/hbo-dnsd-0.9.8.tgz",
      "integrity": "sha512-mIj4V7OicuAlnSfvTXopd401Ba7eFFSL2L3EmM1NqlIWe1pJ/x9dyHqfnKXnJr5qSbNFLnadXvwNd3kURNy+ug==",
      "dependencies": {
        "defaultable": "~0.7.2",
        "optimist": "~0.3.4"
      },
      "engines": {
        "node": ">= 0.8"
      }
    },
    "node_modules/hoek": {
      "version": "0.7.6",
      "resolved": "https://registry.npmjs.org/hoek/-/hoek-0.7.6.tgz",
      "integrity": "sha512-z75muWk69yyjWn6nNzJP0pnfgcewtSTs7uBolGUA7kWNdCYZukzHn3sYqUirhXul7qp9WBUwNT/7ieJZNveJqg==",
      "deprecated": "This version has been deprecated in accordance with the hapi support policy (hapi.im/support). Please upgrade to the latest version to get the best features, bug fixes, and security patches. If you are unable to upgrade at this time, paid support is available for older versions (hapi.im/commercial).",
      "engines": {
        "node": "0.8.x"
      }
    },
    "node_modules/iconv-lite": {
      "version": "0.4.4",
      "resolved": "https://registry.npmjs.org/iconv-lite/-/iconv-lite-0.4.4.tgz",
      "integrity": "sha512-BnjNp13aZpK4WBGbmjaNHN2MCp3P850n8zd/JLinQJ8Lsnq2Br4o2467C2waMsY5kr7Z41SL1gEqh8Vbfzg15A==",
      "license": "MIT",
      "engines": {
        "node": ">=0.8.0"
      }
    },
    "node_modules/indexof": {
      "version": "0.0.1",
      "resolved": "https://registry.npmjs.org/indexof/-/indexof-0.0.1.tgz",
      "integrity": "sha512-i0G7hLJ1z0DE8dsqJa2rycj9dBmNKgXBvotXtZYXakU9oivfB9Uj2ZBC27qqef2U58/ZLwalxa1X/RDCdkHtVg=="
    },
    "node_modules/ipaddr.js": {
      "version": "2.2.0",
      "resolved": "https://registry.npmjs.org/ipaddr.js/-/ipaddr.js-2.2.0.tgz",
      "integrity": "sha512-Ag3wB2o37wslZS19hZqorUnrnzSkpOVy+IiiDEiTqNubEYpYuHWIf6K4psgN2ZWKExS4xhVCrRVfb/wfW8fWJA==",
      "license": "MIT",
      "engines": {
        "node": ">= 10"
      }
    },
    "node_modules/isarray": {
      "version": "0.0.1",
      "resolved": "https://registry.npmjs.org/isarray/-/isarray-0.0.1.tgz",
      "integrity": "sha512-D2S+3GLxWH+uhrNEcoh/fnmYeP8E8/zHl644d/jdA0g2uyXvy3sb0qxotE+ne0LtccHknQzWwZEzhak7oJ0COQ==",
      "license": "MIT"
    },
    "node_modules/json-stringify-safe": {
      "version": "3.0.0",
      "resolved": "https://registry.npmjs.org/json-stringify-safe/-/json-stringify-safe-3.0.0.tgz",
      "integrity": "sha512-VSSuxEAawKLYlCabQOR7YDijQ69zPqQBOriUuCgNhlAqtU7RPr41gPpaSs6WkEu+ZOtUequpXWbI51CS+Z/gMQ==",
      "license": "BSD"
    },
    "node_modules/json3": {
      "version": "3.2.6",
      "resolved": "https://registry.npmjs.org/json3/-/json3-3.2.6.tgz",
      "integrity": "sha512-KA+GHhYTLTo7Ri4DyjwUgW8kn98AYtVZtBC94qL5yD0ZSYct8/eF8qBmTNyk+gPE578bKeIL4WBq+MUyd1I26g==",
      "deprecated": "Please use the native JSON object instead of JSON 3"
    },
    "node_modules/media-typer": {
      "version": "0.2.0",
      "resolved": "https://registry.npmjs.org/media-typer/-/media-typer-0.2.0.tgz",
      "integrity": "sha512-TSggxYk75oP4tae7JkT8InpcFGUP4340zg1dOWjcu9qcphaDKtXEuNUv3OD4vJ+gVTvIDK797W0uYeNm8qqsDg==",
      "license": "MIT",
      "engines": {
        "node": ">= 0.8.0"
      }
    },
    "node_modules/merge-descriptors": {
      "version": "0.0.2",
      "resolved": "https://registry.npmjs.org/merge-descriptors/-/merge-descriptors-0.0.2.tgz",
      "integrity": "sha512-dYBT4Ep+t/qnPeJcnMymmhTdd4g8/hn48ciaDqLAkfRf8abzLPS6Rb6EBdz5CZCL8tzZuI5ps9MhGQGxk+EuKg==",
      "license": "MIT"
    },
    "node_modules/methods": {
      "version": "1.1.0",
      "resolved": "https://registry.npmjs.org/methods/-/methods-1.1.0.tgz",
      "integrity": "sha512-Th88HxNePtsAmz0WjEhVVyRGv9AQFLv4z6zOj4Dt15PjsKLWB8JXSmxzP+Q27139+AXao0AlCWvonFuJhu4GuA==",
      "license": "MIT"
    },
    "node_modules/mime": {
      "version": "1.2.11",
      "resolved": "https://registry.npmjs.org/mime/-/mime-1.2.11.tgz",
      "integrity": "sha512-Ysa2F/nqTNGHhhm9MV8ure4+Hc+Y8AWiqUdHxsO7xu8zc92ND9f3kpALHjaP026Ft17UfxrMt95c50PLUeynBw=="
    },
    "node_modules/mime-types": {
      "version": "1.0.2",
      "resolved": "https://registry.npmjs.org/mime-types/-/mime-types-1.0.2.tgz",
      "integrity": "sha512-echfutj/t5SoTL4WZpqjA1DCud1XO0WQF3/GJ48YBmc4ZMhCK77QA6Z/w6VTQERLKuJ4drze3kw2TUT8xZXVNw==",
      "license": "MIT",
      "engines": {
        "node": ">= 0.8.0"
      }
    },
    "node_modules/morgan": {
      "version": "1.2.0",
      "resolved": "https://registry.npmjs.org/morgan/-/morgan-1.2.0.tgz",
      "integrity": "sha512-VrasIzA69dsxJm1+MVWTLTiij3kiG33XPfGiexqstHpcSvSu/Z51W+FGQyIlbc3jZZuF2PFujsjw+YQvpXz3UA==",
      "license": "MIT",
      "dependencies": {
        "basic-auth": "1.0.0",
        "bytes": "1.0.0",
        "depd": "0.4.2",
        "finished": "~1.2.2"
      },
      "engines": {
        "node": ">= 0.8.0"
      }
    },
    "node_modules/ms": {
      "version": "0.6.2",
      "resolved": "https://registry.npmjs.org/ms/-/ms-0.6.2.tgz",
      "integrity": "sha512-/pc3eh7TWorTtbvXg8je4GvrvEqCfH7PA3P7iW01yL2E53FKixzgMBaQi0NOPbMJqY34cBSvR0tZtmlTkdUG4A=="
    },
    "node_modules/nan": {
      "version": "0.3.2",
      "resolved": "https://registry.npmjs.org/nan/-/nan-0.3.2.tgz",
      "integrity": "sha512-V9/Pyy5Oelv6vVJP9X+dAzU3IO19j6YXrJnODHxP2h54hTvfFQGahdsQV6Ule/UukiEJk1SkQ/aUyWUm61RBQw==",
      "license": "MIT"
    },
    "node_modules/native-dns": {
      "version": "0.6.1",
      "resolved": "https://registry.npmjs.org/native-dns/-/native-dns-0.6.1.tgz",
      "integrity": "sha512-svX0dstdoFeEO1sD1Kkrrj/Ad7QfHuczp2YpRnBpjJHqh0dpYLZhLERbf76S6LMkLAT5eZ8tJrPwZciIX5pj6Q==",
      "dependencies": {
        "ipaddr.js": ">= 0.1.1",
        "native-dns-cache": ">= 0.0.1",
        "native-dns-packet": ">= 0.0.4"
      },
      "engines": {
        "node": ">= 0.5.0"
      }
    },
    "node_modules/native-dns-cache": {
      "version": "0.0.2",
      "resolved": "https://registry.npmjs.org/native-dns-cache/-/native-dns-cache-0.0.2.tgz",
      "integrity": "sha512-09HXHdb/updxfigaFbR53F8nCKqxM8WuHfTWBsusVlwSSZZ3qwWRdD6Kx2x8HBI1Q5IaycwcJOvBoXZWJNfVEg==",
      "dependencies": {
        "binaryheap": ">= 0.0.3",
        "native-dns-packet": ">= 0.0.1"
      },
      "engines": {
        "node": ">= 0.5.0"
      }
    },
    "node_modules/native-dns-packet": {
      "version": "0.1.1",
      "resolved": "https://registry.npmjs.org/native-dns-packet/-/native-dns-packet-0.1.1.tgz",
      "integrity": "sha512-j1XxnFFTUB7mujma468WyAOmyVtkuuLTelxJF13tSTIPO56X7bHALrG0G4jFQnvyTPCt4VnFiZezWpfKbaHc+g==",
      "license": "MIT",
      "dependencies": {
        "buffercursor": ">= 0.0.12",
        "ipaddr.js": ">= 0.1.1"
      },
      "engines": {
        "node": ">= 0.5.0"
      }
    },
    "node_modules/negotiator": {
      "version": "0.4.7",
      "resolved": "https://registry.npmjs.org/negotiator/-/negotiator-0.4.7.tgz",
      "integrity": "sha512-ujxWwyRfZ6udAgHGECQC3JDO9e6UAsuItfUMcqA0Xf2OLNQTveFVFx+fHGIJ5p0MJaJrZyGQqPwzuN0NxJzEKA==",
      "license": "MIT",
      "engines": {
        "node": "*"
      }
    },
    "node_modules/node-forge": {
      "version": "1.3.1",
      "resolved": "https://registry.npmjs.org/node-forge/-/node-forge-1.3.1.tgz",
      "integrity": "sha512-dPEtOeMvF9VMcYV/1Wb8CPoVAXtp6MKMlcbAt4ddqmGqUJ6fQZFXkNZNkNlfevtNkGtaSoXf/vNNNSvgrdXwtA==",
      "license": "(BSD-3-Clause OR GPL-2.0)",
      "engines": {
        "node": ">= 6.13.0"
      }
    },
    "node_modules/node-options": {
      "version": "0.0.6",
      "resolved": "https://registry.npmjs.org/node-options/-/node-options-0.0.6.tgz",
      "integrity": "sha512-OrfY9+LgcLjoo2oyqxjP3gZLBuNDV1IblF69HGLdbE8JUJxSnl2kB561r41KOMc1GWLspjMSfa9L6+iW4fvYrw==",
      "engines": {
        "node": ">= 0.6.0"
      }
    },
    "node_modules/node-uuid": {
      "version": "1.4.8",
      "resolved": "https://registry.npmjs.org/node-uuid/-/node-uuid-1.4.8.tgz",
      "integrity": "sha512-TkCET/3rr9mUuRp+CpO7qfgT++aAxfDRaalQhwPFzI9BY/2rCDn6OfpZOVggi1AXfTPpfkTrg5f5WQx5G1uLxA==",
      "deprecated": "Use uuid module instead",
      "bin": {
        "uuid": "bin/uuid"
      }
    },
    "node_modules/oauth-sign": {
      "version": "0.2.0",
      "resolved": "https://registry.npmjs.org/oauth-sign/-/oauth-sign-0.2.0.tgz",
      "integrity": "sha512-4DtiD64CwPJ5vZ636j/KtM7DxWbX1KlkqwbqbEAxI3BCpBrQdrKOv8vC/36U6gfm1CVapy6QmcVxPnXPPQApTA==",
      "engines": {
        "node": "*"
      }
    },
    "node_modules/object-component": {
      "version": "0.0.3",
      "resolved": "https://registry.npmjs.org/object-component/-/object-component-0.0.3.tgz",
      "integrity": "sha512-S0sN3agnVh2SZNEIGc0N1X4Z5K0JeFbGBrnuZpsxuUh5XLF0BnvWkMjRXo/zGKLd/eghvNIKcx1pQkmUjXIyrA=="
    },
    "node_modules/optimist": {
      "version": "0.3.7",
      "resolved": "https://registry.npmjs.org/optimist/-/optimist-0.3.7.tgz",
      "integrity": "sha512-TCx0dXQzVtSCg2OgY/bO9hjM9cV4XYx09TVK+s3+FhkjT6LovsLe+pPMzpWf+6yXK/hUizs2gUoTw3jHM0VaTQ==",
      "license": "MIT/X11",
      "dependencies": {
        "wordwrap": "~0.0.2"
      }
    },
    "node_modules/options": {
      "version": "0.0.6",
      "resolved": "https://registry.npmjs.org/options/-/options-0.0.6.tgz",
      "integrity": "sha512-bOj3L1ypm++N+n7CEbbe473A414AB7z+amKYshRb//iuL3MpdDCLhPnw6aVTdKB9g5ZRVHIEp8eUln6L2NUStg==",
      "engines": {
        "node": ">=0.4.0"
      }
    },
    "node_modules/parsejson": {
      "version": "0.0.1",
      "resolved": "https://registry.npmjs.org/parsejson/-/parsejson-0.0.1.tgz",
      "integrity": "sha512-W9CRvTfYQY/kbRc5Q6YTWarb/QDxdEGbd6RCP8CLUQDJV89RVHoS2A0dZYNtAcq31fulGNN4ZhAhiQQazwlKJg==",
      "license": "MIT",
      "dependencies": {
        "better-assert": "~1.0.0"
      }
    },
    "node_modules/parseqs": {
      "version": "0.0.2",
      "resolved": "https://registry.npmjs.org/parseqs/-/parseqs-0.0.2.tgz",
      "integrity": "sha512-vyyyfQGUFZnDhgrrdn+hh1JuOfvbXU5oRr6dijfkSIbaFuxGgTSCA/RNVcsADmo0k2NX6wERVTMKkXokjuObJA==",
      "license": "MIT",
      "dependencies": {
        "better-assert": "~1.0.0"
      }
    },
    "node_modules/parseuri": {
      "version": "0.0.2",
      "resolved": "https://registry.npmjs.org/parseuri/-/parseuri-0.0.2.tgz",
      "integrity": "sha512-m0H+R0u5LXOx8sbxufnvgKrRLpkVpvtMf0AyWXYSqLwo2MWrVEgCIbgpaSVa398xl6wTLe0A7CGhiC4hBdEzHQ==",
      "license": "MIT",
      "dependencies": {
        "better-assert": "~1.0.0"
      }
    },
    "node_modules/parseurl": {
      "version": "1.1.3",
      "resolved": "https://registry.npmjs.org/parseurl/-/parseurl-1.1.3.tgz",
      "integrity": "sha512-7y9IL/9x2suvr1uIvoAc3yv3f28hZ55g2OM+ybEtnZqV6Ykeg36sy1PCsTN9rQUZYzb9lTKLzzmJM11jaXSloA==",
      "license": "MIT"
    },
    "node_modules/path-to-regexp": {
      "version": "0.1.3",
      "resolved": "https://registry.npmjs.org/path-to-regexp/-/path-to-regexp-0.1.3.tgz",
      "integrity": "sha512-sd4vSOW+DCM6A5aRICI1CWaC7nufnzVpZfuh5T0VXshxxzFWuaFcvqKovAFLNGReOc+uZRptpcpPmn7CDvzLuA=="
    },
    "node_modules/pkginfo": {
      "version": "0.3.1",
      "resolved": "https://registry.npmjs.org/pkginfo/-/pkginfo-0.3.1.tgz",
      "integrity": "sha512-yO5feByMzAp96LtP58wvPKSbaKAi/1C4kV9XpTctr6EepnP6F33RBNOiVrdz9BrPA98U2BMFsTNHo44TWcbQ2A==",
      "license": "MIT",
      "engines": {
        "node": ">= 0.4.0"
      }
    },
    "node_modules/proxy-addr": {
      "version": "1.0.1",
      "resolved": "https://registry.npmjs.org/proxy-addr/-/proxy-addr-1.0.1.tgz",
      "integrity": "sha512-rIUGzBlSfkJMWWCgsd4N5wvVSNAcJZg//UwPZumDIbScHRUzuSOjBmIdyICiKkB9yArv+er9qC6RA/NL3AWc6A==",
      "license": "MIT",
      "dependencies": {
        "ipaddr.js": "0.1.2"
      },
      "engines": {
        "node": ">= 0.8.0"
      }
    },
    "node_modules/proxy-addr/node_modules/ipaddr.js": {
      "version": "0.1.2",
      "resolved": "https://registry.npmjs.org/ipaddr.js/-/ipaddr.js-0.1.2.tgz",
      "integrity": "sha512-MGrEjHz4Hk5UVpJXZQ2tHB+bp6xgdRKCAEWdrgFsoAmXCgKAPtj8LqMxgvlWEAj9aN+PpTcvE051uZU3K3kLSQ==",
      "engines": {
        "node": ">= 0.2.5"
      }
    },
    "node_modules/qs": {
      "version": "0.6.6",
      "resolved": "https://registry.npmjs.org/qs/-/qs-0.6.6.tgz",
      "integrity": "sha512-kN+yNdAf29Jgp+AYHUmC7X4QdJPR8czuMWLNLc0aRxkQ7tB3vJQEONKKT9ou/rW7EbqVec11srC9q9BiVbcnHA==",
      "engines": {
        "node": "*"
      }
    },
    "node_modules/range-parser": {
      "version": "1.0.0",
      "resolved": "https://registry.npmjs.org/range-parser/-/range-parser-1.0.0.tgz",
      "integrity": "sha512-wOH5LIH2ZHo0P7/bwkR+aNbJ+kv3CHVX4B8qs9GqbtY29fi1bGPV5xczrutN20G+Z4XhRqRMTW3q0S4iyJJPfw=="
    },
    "node_modules/raw-body": {
      "version": "1.3.0",
      "resolved": "https://registry.npmjs.org/raw-body/-/raw-body-1.3.0.tgz",
      "integrity": "sha512-iuI1bOSi9tEmVCrXq02ZysXatTrhAu+fSo7XOQHhMo4g87dSy9YB2W/9Udwhz0bPpFk4UcoLhjrHgpPbRD3ktA==",
      "license": "MIT",
      "dependencies": {
        "bytes": "1",
        "iconv-lite": "0.4.4"
      },
      "engines": {
        "node": ">= 0.8.0"
      }
    },
    "node_modules/request": {
      "version": "2.16.6",
      "resolved": "https://registry.npmjs.org/request/-/request-2.16.6.tgz",
      "integrity": "sha512-TfD4kMo40kwuOpO7GYfAZpb2wYdw7yvTIglPNgPPSmp2Fz6MKNvPLla40FQ/ypdhy6B2jRNz3VlCjPD6mnzsmA==",
      "deprecated": "request has been deprecated, see https://github.com/request/request/issues/3142",
      "engines": [
        "node >= 0.8.0"
      ],
      "dependencies": {
        "aws-sign": "~0.2.0",
        "cookie-jar": "~0.2.0",
        "forever-agent": "~0.2.0",
        "form-data": "~0.0.3",
        "hawk": "~0.10.2",
        "json-stringify-safe": "~3.0.0",
        "mime": "~1.2.7",
        "node-uuid": "~1.4.0",
        "oauth-sign": "~0.2.0",
        "qs": "~0.5.4",
        "tunnel-agent": "~0.2.0"
      }
    },
    "node_modules/request/node_modules/qs": {
      "version": "0.5.6",
      "resolved": "https://registry.npmjs.org/qs/-/qs-0.5.6.tgz",
      "integrity": "sha512-KbOrQrP5Ye+0gmq+hwxoJwAFRwExACWqwxj1IDFFgqOw9Poxy3wwSbafd9ZqP6T6ykMfnxM573kt/a4i9ybatQ==",
      "engines": {
        "node": "*"
      }
    },
    "node_modules/send": {
      "version": "0.6.0",
      "resolved": "https://registry.npmjs.org/send/-/send-0.6.0.tgz",
      "integrity": "sha512-A3EwHmDwcPcmLxIRNjr2YbXiYWq6M9JyUq4303pLKVFs4m5oeME0a9Cpcu9N22fED5XVepldjPYGo9eJifb7Yg==",
      "license": "MIT",
      "dependencies": {
        "debug": "1.0.3",
        "depd": "0.3.0",
        "escape-html": "1.0.1",
        "finished": "1.2.2",
        "fresh": "0.2.2",
        "mime": "1.2.11",
        "ms": "0.6.2",
        "range-parser": "~1.0.0"
      },
      "engines": {
        "node": ">= 0.8.0"
      }
    },
    "node_modules/send/node_modules/depd": {
      "version": "0.3.0",
      "resolved": "https://registry.npmjs.org/depd/-/depd-0.3.0.tgz",
      "integrity": "sha512-Uyx3FgdvEYlpA3W4lf37Ide++2qOsjLlJ7dap0tbM63j/BxTCcxmyIOO6PXbKbOuNSko+fsDHzzx1DUeo1+3fA==",
      "license": "MIT",
      "engines": {
        "node": ">= 0.8.0"
      }
    },
    "node_modules/serve-static": {
      "version": "1.3.2",
      "resolved": "https://registry.npmjs.org/serve-static/-/serve-static-1.3.2.tgz",
      "integrity": "sha512-KwjCeYUx7IM1neg8/P0+O1DZsl76XcOSuV0ZxrI0r60vwGlcjMjKOYCK/OFLJy/a2CFuIyAa/x0PuQ0yuG+IgQ==",
      "license": "MIT",
      "dependencies": {
        "escape-html": "1.0.1",
        "parseurl": "~1.1.3",
        "send": "0.6.0"
      },
      "engines": {
        "node": ">= 0.8.0"
      }
    },
    "node_modules/sntp": {
      "version": "0.1.2",
      "resolved": "https://registry.npmjs.org/sntp/-/sntp-0.1.2.tgz",
      "integrity": "sha512-6fsOpJYQAQcO/UeW7T9mJwEenJymdU77o+gNiompGAammlSa+C49Oyt79ta/kgVbT13l4JAuKlo8FNvUnVjvEQ==",
      "deprecated": "This module moved to @hapi/sntp. Please make sure to switch over as this distribution is no longer supported and may contain bugs and critical security issues.",
      "dependencies": {
        "hoek": "0.4.x"
      },
      "engines": {
        "node": ">=0.8.0"
      }
    },
    "node_modules/sntp/node_modules/hoek": {
      "version": "0.4.2",
      "resolved": "https://registry.npmjs.org/hoek/-/hoek-0.4.2.tgz",
      "integrity": "sha512-Yj/N2TCrS0d8jvZgUpq9sDNt8/ABwTxPJW4+8QT0KXCMxOtRfUCUTEZEYyvMSgfDT3MGvwgO+NHfWPobagAIug==",
      "deprecated": "This version has been deprecated in accordance with the hapi support policy (hapi.im/support). Please upgrade to the latest version to get the best features, bug fixes, and security patches. If you are unable to upgrade at this time, paid support is available for older versions (hapi.im/commercial).",
      "engines": {
        "node": ">=0.8.0"
      }
    },
    "node_modules/socket.io": {
      "version": "1.0.6",
      "resolved": "https://registry.npmjs.org/socket.io/-/socket.io-1.0.6.tgz",
      "integrity": "sha512-1x7TkMh8aKfLoXuXe5rXnDnv3xfcOFrDM6hR9z15dpZ83tTxt2NUxnpuGL2zMIAJQ4DitKiadEBvBVju5cxcHw==",
      "dependencies": {
        "debug": "0.7.4",
        "engine.io": "1.3.1",
        "has-binary-data": "0.1.1",
        "socket.io-adapter": "0.2.0",
        "socket.io-client": "1.0.6",
        "socket.io-parser": "2.2.0"
      }
    },
    "node_modules/socket.io-adapter": {
      "version": "0.2.0",
      "resolved": "https://registry.npmjs.org/socket.io-adapter/-/socket.io-adapter-0.2.0.tgz",
      "integrity": "sha512-3PlX+MOlpHiY+ZTbKhpE4i+M4u8hFUlVyqFP4K/mH+t+D9bMKATFqUUY3zWQMEo2g/1ckosURXviQw6M8R/y8A==",
      "dependencies": {
        "debug": "0.7.4",
        "socket.io-parser": "2.1.2"
      }
    },
    "node_modules/socket.io-adapter/node_modules/debug": {
      "version": "0.7.4",
      "resolved": "https://registry.npmjs.org/debug/-/debug-0.7.4.tgz",
      "integrity": "sha512-EohAb3+DSHSGx8carOSKJe8G0ayV5/i609OD0J2orCkuyae7SyZSz2aoLmQF2s0Pj5gITDebwPH7GFBlqOUQ1Q==",
      "engines": {
        "node": "*"
      }
    },
    "node_modules/socket.io-adapter/node_modules/socket.io-parser": {
      "version": "2.1.2",
      "resolved": "https://registry.npmjs.org/socket.io-parser/-/socket.io-parser-2.1.2.tgz",
      "integrity": "sha512-eVkt8prgw20H+4P8Iw6tis/w7leiN5EW/93Vq+KL8w+yNJu+QNgaej2Cgt8FhVCVuN3AHyLU50vXvM8cpUR1JQ==",
      "dependencies": {
        "debug": "0.7.4",
        "emitter": "http://github.com/component/emitter/archive/1.0.1.tar.gz",
        "isarray": "0.0.1",
        "json3": "3.2.6"
      }
    },
    "node_modules/socket.io-client": {
      "version": "1.0.6",
      "resolved": "https://registry.npmjs.org/socket.io-client/-/socket.io-client-1.0.6.tgz",
      "integrity": "sha512-itdtz6fQBTFIDBP4+hJox0OlT+SbCVdENjPgjMup3ehu7OsiG6t0FYBXCx+k/upt9lbeyp9BmUNNi5EfnGa5Vw==",
      "license": "MIT",
      "dependencies": {
        "component-bind": "1.0.0",
        "component-emitter": "1.1.2",
        "debug": "0.7.4",
        "engine.io-client": "1.3.1",
        "has-binary-data": "0.1.1",
        "indexof": "0.0.1",
        "object-component": "0.0.3",
        "parseuri": "0.0.2",
        "socket.io-parser": "2.2.0",
        "to-array": "0.1.3"
      }
    },
    "node_modules/socket.io-client/node_modules/debug": {
      "version": "0.7.4",
      "resolved": "https://registry.npmjs.org/debug/-/debug-0.7.4.tgz",
      "integrity": "sha512-EohAb3+DSHSGx8carOSKJe8G0ayV5/i609OD0J2orCkuyae7SyZSz2aoLmQF2s0Pj5gITDebwPH7GFBlqOUQ1Q==",
      "engines": {
        "node": "*"
      }
    },
    "node_modules/socket.io-parser": {
      "version": "2.2.0",
      "resolved": "https://registry.npmjs.org/socket.io-parser/-/socket.io-parser-2.2.0.tgz",
      "integrity": "sha512-uW3UiLVibAyleKq8r/yZe1oPO51olhY18T6HtnN0iI6RLqJfYC0YiyAFlsPw1+8I0Z1qFd8jFLTRZo2vr6ISxA==",
      "dependencies": {
        "debug": "0.7.4",
        "emitter": "http://github.com/component/emitter/archive/1.0.1.tar.gz",
        "isarray": "0.0.1",
        "json3": "3.2.6"
      }
    },
    "node_modules/socket.io-parser/node_modules/debug": {
      "version": "0.7.4",
      "resolved": "https://registry.npmjs.org/debug/-/debug-0.7.4.tgz",
      "integrity": "sha512-EohAb3+DSHSGx8carOSKJe8G0ayV5/i609OD0J2orCkuyae7SyZSz2aoLmQF2s0Pj5gITDebwPH7GFBlqOUQ1Q==",
      "engines": {
        "node": "*"
      }
    },
    "node_modules/socket.io/node_modules/debug": {
      "version": "0.7.4",
      "resolved": "https://registry.npmjs.org/debug/-/debug-0.7.4.tgz",
      "integrity": "sha512-EohAb3+DSHSGx8carOSKJe8G0ayV5/i609OD0J2orCkuyae7SyZSz2aoLmQF2s0Pj5gITDebwPH7GFBlqOUQ1Q==",
      "engines": {
        "node": "*"
      }
    },
    "node_modules/stack-trace": {
      "version": "0.0.10",
      "resolved": "https://registry.npmjs.org/stack-trace/-/stack-trace-0.0.10.tgz",
      "integrity": "sha512-KGzahc7puUKkzyMt+IqAep+TVNbKP+k2Lmwhub39m1AsTSkaDutx56aDCo+HLDzf/D26BIHTJWNiTG1KAJiQCg==",
      "license": "MIT",
      "engines": {
        "node": "*"
      }
    },
    "node_modules/tinycolor": {
      "version": "0.0.1",
      "resolved": "https://registry.npmjs.org/tinycolor/-/tinycolor-0.0.1.tgz",
      "integrity": "sha512-+CorETse1kl98xg0WAzii8DTT4ABF4R3nquhrkIbVGcw1T8JYs5Gfx9xEfGINPUZGDj9C4BmOtuKeaTtuuRolg==",
      "engines": {
        "node": ">=0.4.0"
      }
    },
    "node_modules/to-array": {
      "version": "0.1.3",
      "resolved": "https://registry.npmjs.org/to-array/-/to-array-0.1.3.tgz",
      "integrity": "sha512-JQk/QMS4oHyU2VufVeyjN25dcnZnr1PV1pa1oKSj7l5tVO9WrU62og3fYzB3mrgJZZgBxdrrA/v6iZzMDuyFYw=="
    },
    "node_modules/tomahawk": {
      "version": "0.1.6",
      "resolved": "https://registry.npmjs.org/tomahawk/-/tomahawk-0.1.6.tgz",
      "integrity": "sha512-HFLoewTx2gHD0o2t0tR+EIcDXhqdtakfZCDiYsGjOO93nYQ1i7nbhj3UL7iQdtoBbPAcEbrxeJ0KlfPOvhxFyg==",
      "dependencies": {
        "body-parser": "1.5.0",
        "connect": "3.0.2",
        "errorhandler": "1.1.1",
        "express": "4.6.1",
        "morgan": "1.2.0",
        "node-options": "0.0.6",
        "socket.io": "1.0.6",
        "winston": "0.7.3"
      },
      "bin": {
        "tomahawk": "bin/tomahawk"
      },
      "engines": {
        "node": ">= 0.8.0 < 0.11.0"
      }
    },
    "node_modules/tomahawk-plugin-kv-memory-store": {
      "version": "0.0.3",
      "resolved": "https://registry.npmjs.org/tomahawk-plugin-kv-memory-store/-/tomahawk-plugin-kv-memory-store-0.0.3.tgz",
      "integrity": "sha512-opt82r6s+775jmrREiWruMVTQaGQYgPd6/zYTDRwwHhDGSqpFaZZgCSnI/BAIs8nC88puTK4PyodkSRpUDp/2Q=="
    },
    "node_modules/tunnel-agent": {
      "version": "0.2.0",
      "resolved": "https://registry.npmjs.org/tunnel-agent/-/tunnel-agent-0.2.0.tgz",
      "integrity": "sha512-PXy4q1PH88BK0pcGOEMXFAslyBuRWz1wxLfPXTlYFd41eyUgjOALaVGbWJN1ymjbnBzjWunVSKmrrMMh8oLaZA==",
      "engines": {
        "node": "*"
      }
    },
    "node_modules/type-is": {
      "version": "1.3.2",
      "resolved": "https://registry.npmjs.org/type-is/-/type-is-1.3.2.tgz",
      "integrity": "sha512-sdIhnvhWEyIP2DKjj1o9tL31m8vFxDfLPD56KXz2absqY5AF2QYkJC7Wrw2fkzsZA9mv+PCtgyB7EqYOgR+r3Q==",
      "license": "MIT",
      "dependencies": {
        "media-typer": "0.2.0",
        "mime-types": "~1.0.1"
      },
      "engines": {
        "node": ">= 0.8"
      }
    },
    "node_modules/utf8": {
      "version": "2.0.0",
      "resolved": "https://registry.npmjs.org/utf8/-/utf8-2.0.0.tgz",
      "integrity": "sha512-jWXHr+bQ8RsWazLzVY3V7XACPTbBHYSg/VoDVok+DBQk5ULm0AuBCNb9tGmjq2H+znnkBFwjhzzCbn9G3xlYcA=="
    },
    "node_modules/utils-merge": {
      "version": "1.0.0",
      "resolved": "https://registry.npmjs.org/utils-merge/-/utils-merge-1.0.0.tgz",
      "integrity": "sha512-HwU9SLQEtyo+0uoKXd1nkLqigUWLB+QuNQR4OcmB73eWqksM5ovuqcycks2x043W8XVb75rG1HQ0h93TMXkzQQ==",
      "engines": {
        "node": ">= 0.4.0"
      }
    },
    "node_modules/vary": {
      "version": "0.1.0",
      "resolved": "https://registry.npmjs.org/vary/-/vary-0.1.0.tgz",
      "integrity": "sha512-tyyeG46NQdwyVP/RsWLSrT78ouwEuvwk9gK8vQK4jdXmqoXtTXW+vsCfNcnqRhigF8olV34QVZarmAi6wBV2Mw==",
      "license": "MIT",
      "engines": {
        "node": ">= 0.8.0"
      }
    },
    "node_modules/verror": {
      "version": "1.10.1",
      "resolved": "https://registry.npmjs.org/verror/-/verror-1.10.1.tgz",
      "integrity": "sha512-veufcmxri4e3XSrT0xwfUR7kguIkaxBeosDg00yDWhk49wdwkSUrvvsm7nc75e1PUyvIeZj6nS8VQRYz2/S4Xg==",
      "license": "MIT",
      "dependencies": {
        "assert-plus": "^1.0.0",
        "core-util-is": "1.0.2",
        "extsprintf": "^1.2.0"
      },
      "engines": {
        "node": ">=0.6.0"
      }
    },
    "node_modules/winston": {
      "version": "0.7.3",
      "resolved": "https://registry.npmjs.org/winston/-/winston-0.7.3.tgz",
      "integrity": "sha512-iVTT8tf9YnTyfZX+aEUj2fl6WBRet7za6vdjMeyF8SA80Vii2rreM5XH+5qmpBV9uJGj8jz8BozvTDcroVq/eA==",
      "dependencies": {
        "async": "0.2.x",
        "colors": "0.6.x",
        "cycle": "1.0.x",
        "eyes": "0.1.x",
        "pkginfo": "0.3.x",
        "request": "2.16.x",
        "stack-trace": "0.0.x"
      },
      "engines": {
        "node": ">= 0.6.0"
      }
    },
    "node_modules/wordwrap": {
      "version": "0.0.3",
      "resolved": "https://registry.npmjs.org/wordwrap/-/wordwrap-0.0.3.tgz",
      "integrity": "sha512-1tMA907+V4QmxV7dbRvb4/8MaRALK6q9Abid3ndMYnbyo8piisCmeONVqVSXqQA3KaP4SLt5b7ud6E2sqP8TFw==",
      "license": "MIT",
      "engines": {
        "node": ">=0.4.0"
      }
    },
    "node_modules/ws": {
      "version": "0.4.31",
      "resolved": "https://registry.npmjs.org/ws/-/ws-0.4.31.tgz",
      "integrity": "sha512-mWiVQ9qZGPXvLxQ4xGy58Ix5Bw0L99SB+hDT8L59bty4fbnQczaGl4YEWR7AzLQGbvPn/30r9/o41dPiSuUmYw==",
      "hasInstallScript": true,
      "dependencies": {
        "commander": "~0.6.1",
        "nan": "~0.3.0",
        "options": ">=0.0.5",
        "tinycolor": "0.x"
      },
      "bin": {
        "wscat": "bin/wscat"
      },
      "engines": {
        "node": ">=0.4.0"
      }
    },
    "node_modules/xmlhttprequest": {
      "version": "1.5.0",
      "resolved": "https://github.com/LearnBoost/node-XMLHttpRequest/archive/0f36d0b5ebc03d85f860d42a64ae9791e1daa433.tar.gz",
      "integrity": "sha512-TVSZwoeUQ7OKhb8jnQdSxGFz+lm4MGWmhG0deeYg85VQT74x5LcSrKeXHE0ZIzEycgqQ5mF8r8e1AykA7TpNAQ==",
      "engines": {
        "node": ">=0.4.0"
      }
    }
  }
}
